{
  "name": "test-governance",
  "version": "1.0.0",
  "lockfileVersion": 1,
  "requires": true,
  "dependencies": {
    "@openzeppelin/contracts": {
      "version": "4.8.3",
      "resolved": "https://registry.npmjs.org/@openzeppelin/contracts/-/contracts-4.8.3.tgz",
      "integrity": "sha512-bQHV8R9Me8IaJoJ2vPG4rXcL7seB7YVuskr4f+f5RyOStSZetwzkWtoqDMl5erkBJy0lDRUnIR2WIkPiC0GJlg=="
    },
    "yarn": {
      "version": "1.22.19",
      "resolved": "https://registry.npmjs.org/yarn/-/yarn-1.22.19.tgz",
      "integrity": "sha512-/0V5q0WbslqnwP91tirOvldvYISzaqhClxzyUKXYxs07yUILIs5jx/k6CFe8bvKSkds5w+eiOqta39Wk3WxdcQ=="
    }
  }
}
