{
  "name": "clubonion",
  "version": "1.0.0",
  "lockfileVersion": 1,
  "requires": true,
  "dependencies": {
    "turbo": {
      "version": "1.9.0",
      "dev": true,
      "requires": {
        "turbo-darwin-64": "1.9.0",
        "turbo-darwin-arm64": "1.9.0",
        "turbo-linux-64": "1.9.0",
        "turbo-linux-arm64": "1.9.0",
        "turbo-windows-64": "1.9.0",
        "turbo-windows-arm64": "1.9.0"
      }
    },
    "turbo-darwin-64": {
      "version": "1.9.0",
      "resolved": "https://registry.npmjs.org/turbo-darwin-64/-/turbo-darwin-64-1.9.0.tgz",
      "integrity": "sha512-snJkC0RRFEQ7STIYbJVDrQzkRaU3b1cgM5PIrWx6elf79HA4Lm50sXbjpWJPsdwxfnvIKcpsAtBsDeR47iqnMQ==",
      "dev": true,
      "optional": true
    },
    "turbo-darwin-arm64": {
      "version": "1.9.0",
      "resolved": "https://registry.npmjs.org/turbo-darwin-arm64/-/turbo-darwin-arm64-1.9.0.tgz",
      "integrity": "sha512-+4MDDtRdKe8VMG9YU7J3c6kokpKVV4ELw6iThtO7jwz5DiGy5eTKGNtr5kHkPk3SffUQ0DZTQ/YSJsBC+6LLlA==",
      "dev": true,
      "optional": true
    },
    "turbo-linux-64": {
      "version": "1.9.0",
      "resolved": "https://registry.npmjs.org/turbo-linux-64/-/turbo-linux-64-1.9.0.tgz",
      "integrity": "sha512-pEyj6VFo1RYwMqA6BLPHYViRIbE/R1KMAoQFW/qr9vTIT6kuMw1OiL0f/ZJ3AgY5V2mwGQT9Qg2HAH1CIEnH4Q==",
      "dev": true,
      "optional": true
    },
    "turbo-linux-arm64": {
      "version": "1.9.0",
      "resolved": "https://registry.npmjs.org/turbo-linux-arm64/-/turbo-linux-arm64-1.9.0.tgz",
      "integrity": "sha512-bwwa3X1ZzFkGsHsXDwAdW+akcKnGVNMmEtFULvh/2UALdslobttO7CiNBot7F+Sf5CfFZivYu5MEuYA/+Kvt7Q==",
      "dev": true,
      "optional": true
    },
    "turbo-windows-64": {
      "version": "1.9.0",
      "resolved": "https://registry.npmjs.org/turbo-windows-64/-/turbo-windows-64-1.9.0.tgz",
      "integrity": "sha512-GMvbmXNHJVuLwbgqxQjXTFE4GHjzj3hVE+xZEKlEQWJ0cD+OGrVMqYMGxjVO5Ffbd3aHI9OECAmQw18qHWi1AA==",
      "dev": true,
      "optional": true
    },
    "turbo-windows-arm64": {
      "version": "1.9.0",
      "resolved": "https://registry.npmjs.org/turbo-windows-arm64/-/turbo-windows-arm64-1.9.0.tgz",
      "integrity": "sha512-oeePkdHoXit+rBzAT4iqn9hTUWXguKvqsZpJbFKr7JKLKtfeGwsXtyhCtkWIpBBQMT+hkGTBURMr9mHuS3sUPA==",
      "dev": true,
      "optional": true
    }
  }
}
